
Microsoft Visual Studio Solution File, Format Version 12.00
# Visual Studio Version 16
VisualStudioVersion = 16.0.33529.622
MinimumVisualStudioVersion = 10.0.40219.1
Project("{FAE04EC0-301F-11D3-BF4B-00C04F79EFBC}") = "dotNET_11", "dotNET_11\dotNET_11.csproj", "{30E9A99C-D08F-441B-AF5F-4C126D05D5BC}"
EndProject
Global
	GlobalSection(SolutionConfigurationPlatforms) = preSolution
		Debug|Any CPU = Debug|Any CPU
		Release|Any CPU = Release|Any CPU
	EndGlobalSection
	GlobalSection(ProjectConfigurationPlatforms) = postSolution
		{30E9A99C-D08F-441B-AF5F-4C126D05D5BC}.Debug|Any CPU.ActiveCfg = Debug|Any CPU
		{30E9A99C-D08F-441B-AF5F-4C126D05D5BC}.Debug|Any CPU.Build.0 = Debug|Any CPU
		{30E9A99C-D08F-441B-AF5F-4C126D05D5BC}.Release|Any CPU.ActiveCfg = Release|Any CPU
		{30E9A99C-D08F-441B-AF5F-4C126D05D5BC}.Release|Any CPU.Build.0 = Release|Any CPU
	EndGlobalSection
	GlobalSection(SolutionProperties) = preSolution
		HideSolutionNode = FALSE
	EndGlobalSection
	GlobalSection(ExtensibilityGlobals) = postSolution
		SolutionGuid = {90B72023-D55E-4EF6-9B48-15151CD8FEEB}
	EndGlobalSection
EndGlobal
